
Microsoft Visual Studio Solution File, Format Version 12.00
# Visual Studio Version 17
VisualStudioVersion = 17.14.36221.1 d17.14
MinimumVisualStudioVersion = 10.0.40219.1
Project("{FAE04EC0-301F-11D3-BF4B-00C04F79EFBC}") = "MauiSql", "MuaiSQL\MauiSql.csproj", "{94918288-E53B-4A74-BF6C-E864951D2737}"
EndProject
Global
	GlobalSection(SolutionConfigurationPlatforms) = preSolution
		Debug|Any CPU = Debug|Any CPU
		Release|Any CPU = Release|Any CPU
	EndGlobalSection
	GlobalSection(ProjectConfigurationPlatforms) = postSolution
		{94918288-E53B-4A74-BF6C-E864951D2737}.Debug|Any CPU.ActiveCfg = Debug|Any CPU
		{94918288-E53B-4A74-BF6C-E864951D2737}.Debug|Any CPU.Build.0 = Debug|Any CPU
		{94918288-E53B-4A74-BF6C-E864951D2737}.Debug|Any CPU.Deploy.0 = Debug|Any CPU
		{94918288-E53B-4A74-BF6C-E864951D2737}.Release|Any CPU.ActiveCfg = Release|Any CPU
		{94918288-E53B-4A74-BF6C-E864951D2737}.Release|Any CPU.Build.0 = Release|Any CPU
		{94918288-E53B-4A74-BF6C-E864951D2737}.Release|Any CPU.Deploy.0 = Release|Any CPU
	EndGlobalSection
	GlobalSection(SolutionProperties) = preSolution
		HideSolutionNode = FALSE
	EndGlobalSection
	GlobalSection(ExtensibilityGlobals) = postSolution
		SolutionGuid = {E10AB7DB-9B71-4623-B84C-8346E1FE938B}
	EndGlobalSection
EndGlobal
